
Microsoft Visual Studio Solution File, Format Version 12.00
# Visual Studio Version 16
VisualStudioVersion = 16.0.31402.337
MinimumVisualStudioVersion = 10.0.40219.1
Project("{FAE04EC0-301F-11D3-BF4B-00C04F79EFBC}") = "VCargoMobility.Android", "VCargoMobility\VCargoMobility.Android\VCargoMobility.Android.csproj", "{40B85322-3DBD-440A-9A86-8A7C4FD8C238}"
EndProject
Project("{FAE04EC0-301F-11D3-BF4B-00C04F79EFBC}") = "VCargoMobility.iOS", "VCargoMobility\VCargoMobility.iOS\VCargoMobility.iOS.csproj", "{438AB64E-95EA-4F27-9D64-B895947CE794}"
EndProject
Project("{FAE04EC0-301F-11D3-BF4B-00C04F79EFBC}") = "VCargoMobility", "VCargoMobility\VCargoMobility\VCargoMobility.csproj", "{A26C79FA-72F8-4652-85EA-2AC626CB45D3}"
EndProject
Global
	GlobalSection(SolutionConfigurationPlatforms) = preSolution
		Debug|Any CPU = Debug|Any CPU
		Debug|iPhone = Debug|iPhone
		Debug|iPhoneSimulator = Debug|iPhoneSimulator
		Release|Any CPU = Release|Any CPU
		Release|iPhone = Release|iPhone
		Release|iPhoneSimulator = Release|iPhoneSimulator
	EndGlobalSection
	GlobalSection(ProjectConfigurationPlatforms) = postSolution
		{40B85322-3DBD-440A-9A86-8A7C4FD8C238}.Debug|Any CPU.ActiveCfg = Debug|Any CPU
		{40B85322-3DBD-440A-9A86-8A7C4FD8C238}.Debug|Any CPU.Build.0 = Debug|Any CPU
		{40B85322-3DBD-440A-9A86-8A7C4FD8C238}.Debug|Any CPU.Deploy.0 = Debug|Any CPU
		{40B85322-3DBD-440A-9A86-8A7C4FD8C238}.Debug|iPhone.ActiveCfg = Debug|Any CPU
		{40B85322-3DBD-440A-9A86-8A7C4FD8C238}.Debug|iPhone.Build.0 = Debug|Any CPU
		{40B85322-3DBD-440A-9A86-8A7C4FD8C238}.Debug|iPhone.Deploy.0 = Debug|Any CPU
		{40B85322-3DBD-440A-9A86-8A7C4FD8C238}.Debug|iPhoneSimulator.ActiveCfg = Debug|Any CPU
		{40B85322-3DBD-440A-9A86-8A7C4FD8C238}.Debug|iPhoneSimulator.Build.0 = Debug|Any CPU
		{40B85322-3DBD-440A-9A86-8A7C4FD8C238}.Debug|iPhoneSimulator.Deploy.0 = Debug|Any CPU
		{40B85322-3DBD-440A-9A86-8A7C4FD8C238}.Release|Any CPU.ActiveCfg = Release|Any CPU
		{40B85322-3DBD-440A-9A86-8A7C4FD8C238}.Release|Any CPU.Build.0 = Release|Any CPU
		{40B85322-3DBD-440A-9A86-8A7C4FD8C238}.Release|Any CPU.Deploy.0 = Release|Any CPU
		{40B85322-3DBD-440A-9A86-8A7C4FD8C238}.Release|iPhone.ActiveCfg = Release|Any CPU
		{40B85322-3DBD-440A-9A86-8A7C4FD8C238}.Release|iPhone.Build.0 = Release|Any CPU
		{40B85322-3DBD-440A-9A86-8A7C4FD8C238}.Release|iPhone.Deploy.0 = Release|Any CPU
		{40B85322-3DBD-440A-9A86-8A7C4FD8C238}.Release|iPhoneSimulator.ActiveCfg = Release|Any CPU
		{40B85322-3DBD-440A-9A86-8A7C4FD8C238}.Release|iPhoneSimulator.Build.0 = Release|Any CPU
		{40B85322-3DBD-440A-9A86-8A7C4FD8C238}.Release|iPhoneSimulator.Deploy.0 = Release|Any CPU
		{438AB64E-95EA-4F27-9D64-B895947CE794}.Debug|Any CPU.ActiveCfg = Debug|iPhone
		{438AB64E-95EA-4F27-9D64-B895947CE794}.Debug|Any CPU.Build.0 = Debug|iPhone
		{438AB64E-95EA-4F27-9D64-B895947CE794}.Debug|Any CPU.Deploy.0 = Debug|iPhone
		{438AB64E-95EA-4F27-9D64-B895947CE794}.Debug|iPhone.ActiveCfg = Debug|iPhone
		{438AB64E-95EA-4F27-9D64-B895947CE794}.Debug|iPhone.Build.0 = Debug|iPhone
		{438AB64E-95EA-4F27-9D64-B895947CE794}.Debug|iPhone.Deploy.0 = Debug|iPhone
		{438AB64E-95EA-4F27-9D64-B895947CE794}.Debug|iPhoneSimulator.ActiveCfg = Debug|iPhoneSimulator
		{438AB64E-95EA-4F27-9D64-B895947CE794}.Debug|iPhoneSimulator.Build.0 = Debug|iPhoneSimulator
		{438AB64E-95EA-4F27-9D64-B895947CE794}.Debug|iPhoneSimulator.Deploy.0 = Debug|iPhoneSimulator
		{438AB64E-95EA-4F27-9D64-B895947CE794}.Release|Any CPU.ActiveCfg = Release|iPhoneSimulator
		{438AB64E-95EA-4F27-9D64-B895947CE794}.Release|Any CPU.Build.0 = Release|iPhoneSimulator
		{438AB64E-95EA-4F27-9D64-B895947CE794}.Release|Any CPU.Deploy.0 = Release|iPhoneSimulator
		{438AB64E-95EA-4F27-9D64-B895947CE794}.Release|iPhone.ActiveCfg = Release|iPhone
		{438AB64E-95EA-4F27-9D64-B895947CE794}.Release|iPhone.Build.0 = Release|iPhone
		{438AB64E-95EA-4F27-9D64-B895947CE794}.Release|iPhone.Deploy.0 = Release|iPhone
		{438AB64E-95EA-4F27-9D64-B895947CE794}.Release|iPhoneSimulator.ActiveCfg = Release|iPhoneSimulator
		{438AB64E-95EA-4F27-9D64-B895947CE794}.Release|iPhoneSimulator.Build.0 = Release|iPhoneSimulator
		{438AB64E-95EA-4F27-9D64-B895947CE794}.Release|iPhoneSimulator.Deploy.0 = Release|iPhoneSimulator
		{A26C79FA-72F8-4652-85EA-2AC626CB45D3}.Debug|Any CPU.ActiveCfg = Debug|Any CPU
		{A26C79FA-72F8-4652-85EA-2AC626CB45D3}.Debug|Any CPU.Build.0 = Debug|Any CPU
		{A26C79FA-72F8-4652-85EA-2AC626CB45D3}.Debug|Any CPU.Deploy.0 = Debug|Any CPU
		{A26C79FA-72F8-4652-85EA-2AC626CB45D3}.Debug|iPhone.ActiveCfg = Debug|Any CPU
		{A26C79FA-72F8-4652-85EA-2AC626CB45D3}.Debug|iPhone.Build.0 = Debug|Any CPU
		{A26C79FA-72F8-4652-85EA-2AC626CB45D3}.Debug|iPhone.Deploy.0 = Debug|Any CPU
		{A26C79FA-72F8-4652-85EA-2AC626CB45D3}.Debug|iPhoneSimulator.ActiveCfg = Debug|Any CPU
		{A26C79FA-72F8-4652-85EA-2AC626CB45D3}.Debug|iPhoneSimulator.Build.0 = Debug|Any CPU
		{A26C79FA-72F8-4652-85EA-2AC626CB45D3}.Debug|iPhoneSimulator.Deploy.0 = Debug|Any CPU
		{A26C79FA-72F8-4652-85EA-2AC626CB45D3}.Release|Any CPU.ActiveCfg = Release|Any CPU
		{A26C79FA-72F8-4652-85EA-2AC626CB45D3}.Release|Any CPU.Build.0 = Release|Any CPU
		{A26C79FA-72F8-4652-85EA-2AC626CB45D3}.Release|Any CPU.Deploy.0 = Release|Any CPU
		{A26C79FA-72F8-4652-85EA-2AC626CB45D3}.Release|iPhone.ActiveCfg = Release|Any CPU
		{A26C79FA-72F8-4652-85EA-2AC626CB45D3}.Release|iPhone.Build.0 = Release|Any CPU
		{A26C79FA-72F8-4652-85EA-2AC626CB45D3}.Release|iPhone.Deploy.0 = Release|Any CPU
		{A26C79FA-72F8-4652-85EA-2AC626CB45D3}.Release|iPhoneSimulator.ActiveCfg = Release|Any CPU
		{A26C79FA-72F8-4652-85EA-2AC626CB45D3}.Release|iPhoneSimulator.Build.0 = Release|Any CPU
		{A26C79FA-72F8-4652-85EA-2AC626CB45D3}.Release|iPhoneSimulator.Deploy.0 = Release|Any CPU
	EndGlobalSection
	GlobalSection(SolutionProperties) = preSolution
		HideSolutionNode = FALSE
	EndGlobalSection
	GlobalSection(ExtensibilityGlobals) = postSolution
		SolutionGuid = {13CBD4D1-47C2-42A8-AA26-0CB4E07D160A}
	EndGlobalSection
EndGlobal
